// !$*UTF8*$!
{
	archiveVersion = 1;
	classes = {
	};
	objectVersion = 46;
	objects = {

/* Begin PBXBuildFile section */
		055EB7421E932FF50041A77C /* ps.c in Sources */ = {isa = PBXBuildFile; fileRef = 055EB7411E932FF50041A77C /* ps.c */; };
		058F69BA1E98A5C500E5209D /* queue.o in Frameworks */ = {isa = PBXBuildFile; fileRef = 058F69B91E98A5C500E5209D /* queue.o */; };
/* End PBXBuildFile section */

/* Begin PBXCopyFilesBuildPhase section */
		0541A10D1E919CC900F022F8 /* CopyFiles */ = {
			isa = PBXCopyFilesBuildPhase;
			buildActionMask = 2147483647;
			dstPath = /usr/share/man/man1/;
			dstSubfolderSpec = 0;
			files = (
			);
			runOnlyForDeploymentPostprocessing = 1;
		};
/* End PBXCopyFilesBuildPhase section */

/* Begin PBXFileReference section */
		0534B0E61E97E11A00B7F11D /* helpers.h */ = {isa = PBXFileReference; lastKnownFileType = sourcecode.c.h; path = helpers.h; sourceTree = "<group>"; };
		0534B0E71E97E1BB00B7F11D /* requestHandlers.h */ = {isa = PBXFileReference; lastKnownFileType = sourcecode.c.h; path = requestHandlers.h; sourceTree = "<group>"; };
		0541A10F1E919CC900F022F8 /* Assignment2-ProxyServer */ = {isa = PBXFileReference; explicitFileType = "compiled.mach-o.executable"; includeInIndex = 0; path = "Assignment2-ProxyServer"; sourceTree = BUILT_PRODUCTS_DIR; };
		055EB73C1E9326610041A77C /* index.html */ = {isa = PBXFileReference; lastKnownFileType = text.html; path = index.html; sourceTree = "<group>"; };
		055EB7411E932FF50041A77C /* ps.c */ = {isa = PBXFileReference; fileEncoding = 4; lastKnownFileType = sourcecode.c.c; path = ps.c; sourceTree = "<group>"; };
		058F69231E9888A900E5209D /* dataStructures.h */ = {isa = PBXFileReference; lastKnownFileType = sourcecode.c.h; path = dataStructures.h; sourceTree = "<group>"; };
		058F69241E9888A900E5209D /* response.h */ = {isa = PBXFileReference; lastKnownFileType = sourcecode.c.h; path = response.h; sourceTree = "<group>"; };
		058F69541E989D2300E5209D /* adeque.h */ = {isa = PBXFileReference; lastKnownFileType = sourcecode.c.h; path = adeque.h; sourceTree = "<group>"; };
		058F69551E989D2300E5209D /* alist.h */ = {isa = PBXFileReference; lastKnownFileType = sourcecode.c.h; path = alist.h; sourceTree = "<group>"; };
		058F69561E989D2300E5209D /* aqueue.h */ = {isa = PBXFileReference; lastKnownFileType = sourcecode.c.h; path = aqueue.h; sourceTree = "<group>"; };
		058F69571E989D2300E5209D /* array2d.h */ = {isa = PBXFileReference; lastKnownFileType = sourcecode.c.h; path = array2d.h; sourceTree = "<group>"; };
		058F69581E989D2300E5209D /* astack.h */ = {isa = PBXFileReference; lastKnownFileType = sourcecode.c.h; path = astack.h; sourceTree = "<group>"; };
		058F69591E989D2300E5209D /* binarytree.h */ = {isa = PBXFileReference; lastKnownFileType = sourcecode.c.h; path = binarytree.h; sourceTree = "<group>"; };
		058F695A1E989D2300E5209D /* hashtable.h */ = {isa = PBXFileReference; lastKnownFileType = sourcecode.c.h; path = hashtable.h; sourceTree = "<group>"; };
		058F695B1E989D2300E5209D /* line.h */ = {isa = PBXFileReference; lastKnownFileType = sourcecode.c.h; path = line.h; sourceTree = "<group>"; };
		058F695C1E989D2300E5209D /* list.h */ = {isa = PBXFileReference; lastKnownFileType = sourcecode.c.h; path = list.h; sourceTree = "<group>"; };
		058F695D1E989D2300E5209D /* maxheap.h */ = {isa = PBXFileReference; lastKnownFileType = sourcecode.c.h; path = maxheap.h; sourceTree = "<group>"; };
		058F695E1E989D2300E5209D /* minheap.h */ = {isa = PBXFileReference; lastKnownFileType = sourcecode.c.h; path = minheap.h; sourceTree = "<group>"; };
		058F695F1E989D2300E5209D /* plane.h */ = {isa = PBXFileReference; lastKnownFileType = sourcecode.c.h; path = plane.h; sourceTree = "<group>"; };
		058F69601E989D2300E5209D /* queue.h */ = {isa = PBXFileReference; lastKnownFileType = sourcecode.c.h; path = queue.h; sourceTree = "<group>"; };
		058F69611E989D2300E5209D /* stack.h */ = {isa = PBXFileReference; lastKnownFileType = sourcecode.c.h; path = stack.h; sourceTree = "<group>"; };
		058F69621E989D2300E5209D /* transform.h */ = {isa = PBXFileReference; lastKnownFileType = sourcecode.c.h; path = transform.h; sourceTree = "<group>"; };
		058F69631E989D2300E5209D /* util.h */ = {isa = PBXFileReference; lastKnownFileType = sourcecode.c.h; path = util.h; sourceTree = "<group>"; };
		058F69641E989D2300E5209D /* vector.h */ = {isa = PBXFileReference; lastKnownFileType = sourcecode.c.h; path = vector.h; sourceTree = "<group>"; };
		058F69661E989D2300E5209D /* adeque.c */ = {isa = PBXFileReference; lastKnownFileType = sourcecode.c.c; path = adeque.c; sourceTree = "<group>"; };
		058F69671E989D2300E5209D /* alist.c */ = {isa = PBXFileReference; lastKnownFileType = sourcecode.c.c; path = alist.c; sourceTree = "<group>"; };
		058F69681E989D2300E5209D /* aqueue.c */ = {isa = PBXFileReference; lastKnownFileType = sourcecode.c.c; path = aqueue.c; sourceTree = "<group>"; };
		058F69691E989D2300E5209D /* array2d.c */ = {isa = PBXFileReference; lastKnownFileType = sourcecode.c.c; path = array2d.c; sourceTree = "<group>"; };
		058F696A1E989D2300E5209D /* astack.c */ = {isa = PBXFileReference; lastKnownFileType = sourcecode.c.c; path = astack.c; sourceTree = "<group>"; };
		058F696B1E989D2300E5209D /* binarytree.c */ = {isa = PBXFileReference; lastKnownFileType = sourcecode.c.c; path = binarytree.c; sourceTree = "<group>"; };
		058F696C1E989D2300E5209D /* examples.c */ = {isa = PBXFileReference; lastKnownFileType = sourcecode.c.c; path = examples.c; sourceTree = "<group>"; };
		058F696D1E989D2300E5209D /* hashtable.c */ = {isa = PBXFileReference; lastKnownFileType = sourcecode.c.c; path = hashtable.c; sourceTree = "<group>"; };
		058F696E1E989D2300E5209D /* line.c */ = {isa = PBXFileReference; lastKnownFileType = sourcecode.c.c; path = line.c; sourceTree = "<group>"; };
		058F696F1E989D2300E5209D /* list.c */ = {isa = PBXFileReference; lastKnownFileType = sourcecode.c.c; path = list.c; sourceTree = "<group>"; };
		058F69701E989D2300E5209D /* maxheap.c */ = {isa = PBXFileReference; lastKnownFileType = sourcecode.c.c; path = maxheap.c; sourceTree = "<group>"; };
		058F69711E989D2300E5209D /* minheap.c */ = {isa = PBXFileReference; lastKnownFileType = sourcecode.c.c; path = minheap.c; sourceTree = "<group>"; };
		058F69721E989D2300E5209D /* plane.c */ = {isa = PBXFileReference; lastKnownFileType = sourcecode.c.c; path = plane.c; sourceTree = "<group>"; };
		058F69731E989D2300E5209D /* queue.c */ = {isa = PBXFileReference; lastKnownFileType = sourcecode.c.c; path = queue.c; sourceTree = "<group>"; };
		058F69741E989D2300E5209D /* stack.c */ = {isa = PBXFileReference; lastKnownFileType = sourcecode.c.c; path = stack.c; sourceTree = "<group>"; };
		058F69751E989D2300E5209D /* transform.c */ = {isa = PBXFileReference; lastKnownFileType = sourcecode.c.c; path = transform.c; sourceTree = "<group>"; };
		058F69761E989D2300E5209D /* util.c */ = {isa = PBXFileReference; lastKnownFileType = sourcecode.c.c; path = util.c; sourceTree = "<group>"; };
		058F69771E989D2300E5209D /* vector.c */ = {isa = PBXFileReference; lastKnownFileType = sourcecode.c.c; path = vector.c; sourceTree = "<group>"; };
		058F69B91E98A5C500E5209D /* queue.o */ = {isa = PBXFileReference; lastKnownFileType = "compiled.mach-o.objfile"; name = queue.o; path = CrossCompilations/queue.o; sourceTree = "<group>"; };
/* End PBXFileReference section */

/* Begin PBXFrameworksBuildPhase section */
		0541A10C1E919CC900F022F8 /* Frameworks */ = {
			isa = PBXFrameworksBuildPhase;
			buildActionMask = 2147483647;
			files = (
				058F69BA1E98A5C500E5209D /* queue.o in Frameworks */,
			);
			runOnlyForDeploymentPostprocessing = 0;
		};
/* End PBXFrameworksBuildPhase section */

/* Begin PBXGroup section */
		0541A1061E919CC900F022F8 = {
			isa = PBXGroup;
			children = (
				0541A1111E919CC900F022F8 /* Assignment 2 */,
				0541A1101E919CC900F022F8 /* Products */,
			);
			sourceTree = "<group>";
		};
		0541A1101E919CC900F022F8 /* Products */ = {
			isa = PBXGroup;
			children = (
				0541A10F1E919CC900F022F8 /* Assignment2-ProxyServer */,
			);
			name = Products;
			sourceTree = "<group>";
		};
		0541A1111E919CC900F022F8 /* Assignment 2 */ = {
			isa = PBXGroup;
			children = (
				058F69781E98A24F00E5209D /* Cross compiling */,
				058F69221E9888A900E5209D /* Common */,
				055EB7411E932FF50041A77C /* ps.c */,
				055EB73C1E9326610041A77C /* index.html */,
				0534B0E61E97E11A00B7F11D /* helpers.h */,
				0534B0E71E97E1BB00B7F11D /* requestHandlers.h */,
				058F69531E989D2300E5209D /* headers */,
				058F69651E989D2300E5209D /* lib */,
			);
			path = "Assignment 2";
			sourceTree = "<group>";
		};
		058F69221E9888A900E5209D /* Common */ = {
			isa = PBXGroup;
			children = (
				058F69231E9888A900E5209D /* dataStructures.h */,
				058F69241E9888A900E5209D /* response.h */,
			);
			name = Common;
			path = ../../Common;
			sourceTree = "<group>";
		};
		058F69531E989D2300E5209D /* headers */ = {
			isa = PBXGroup;
			children = (
				058F69541E989D2300E5209D /* adeque.h */,
				058F69551E989D2300E5209D /* alist.h */,
				058F69561E989D2300E5209D /* aqueue.h */,
				058F69571E989D2300E5209D /* array2d.h */,
				058F69581E989D2300E5209D /* astack.h */,
				058F69591E989D2300E5209D /* binarytree.h */,
				058F695A1E989D2300E5209D /* hashtable.h */,
				058F695B1E989D2300E5209D /* line.h */,
				058F695C1E989D2300E5209D /* list.h */,
				058F695D1E989D2300E5209D /* maxheap.h */,
				058F695E1E989D2300E5209D /* minheap.h */,
				058F695F1E989D2300E5209D /* plane.h */,
				058F69601E989D2300E5209D /* queue.h */,
				058F69611E989D2300E5209D /* stack.h */,
				058F69621E989D2300E5209D /* transform.h */,
				058F69631E989D2300E5209D /* util.h */,
				058F69641E989D2300E5209D /* vector.h */,
			);
			path = headers;
			sourceTree = "<group>";
		};
		058F69651E989D2300E5209D /* lib */ = {
			isa = PBXGroup;
			children = (
				058F69661E989D2300E5209D /* adeque.c */,
				058F69671E989D2300E5209D /* alist.c */,
				058F69681E989D2300E5209D /* aqueue.c */,
				058F69691E989D2300E5209D /* array2d.c */,
				058F696A1E989D2300E5209D /* astack.c */,
				058F696B1E989D2300E5209D /* binarytree.c */,
				058F696C1E989D2300E5209D /* examples.c */,
				058F696D1E989D2300E5209D /* hashtable.c */,
				058F696E1E989D2300E5209D /* line.c */,
				058F696F1E989D2300E5209D /* list.c */,
				058F69701E989D2300E5209D /* maxheap.c */,
				058F69711E989D2300E5209D /* minheap.c */,
				058F69721E989D2300E5209D /* plane.c */,
				058F69731E989D2300E5209D /* queue.c */,
				058F69741E989D2300E5209D /* stack.c */,
				058F69751E989D2300E5209D /* transform.c */,
				058F69761E989D2300E5209D /* util.c */,
				058F69771E989D2300E5209D /* vector.c */,
			);
			path = lib;
			sourceTree = "<group>";
		};
		058F69781E98A24F00E5209D /* Cross compiling */ = {
			isa = PBXGroup;
			children = (
				058F69B91E98A5C500E5209D /* queue.o */,
			);
			name = "Cross compiling";
			sourceTree = "<group>";
		};
/* End PBXGroup section */

/* Begin PBXNativeTarget section */
		0541A10E1E919CC900F022F8 /* Assignment2-ProxyServer */ = {
			isa = PBXNativeTarget;
			buildConfigurationList = 0541A1161E919CCA00F022F8 /* Build configuration list for PBXNativeTarget "Assignment2-ProxyServer" */;
			buildPhases = (
				0541A10B1E919CC900F022F8 /* Sources */,
				0541A10C1E919CC900F022F8 /* Frameworks */,
				0541A10D1E919CC900F022F8 /* CopyFiles */,
			);
			buildRules = (
			);
			dependencies = (
			);
			name = "Assignment2-ProxyServer";
			productName = "Assignment 2";
			productReference = 0541A10F1E919CC900F022F8 /* Assignment2-ProxyServer */;
			productType = "com.apple.product-type.tool";
		};
/* End PBXNativeTarget section */

/* Begin PBXProject section */
		0541A1071E919CC900F022F8 /* Project object */ = {
			isa = PBXProject;
			attributes = {
				LastUpgradeCheck = 0820;
				ORGANIZATIONNAME = HaigaTech;
				TargetAttributes = {
					0541A10E1E919CC900F022F8 = {
						CreatedOnToolsVersion = 8.2.1;
						DevelopmentTeam = A9Q57L84LX;
						ProvisioningStyle = Automatic;
					};
				};
			};
			buildConfigurationList = 0541A10A1E919CC900F022F8 /* Build configuration list for PBXProject "Assignment2-ProxyServer" */;
			compatibilityVersion = "Xcode 3.2";
			developmentRegion = English;
			hasScannedForEncodings = 0;
			knownRegions = (
				en,
			);
			mainGroup = 0541A1061E919CC900F022F8;
			productRefGroup = 0541A1101E919CC900F022F8 /* Products */;
			projectDirPath = "";
			projectRoot = "";
			targets = (
				0541A10E1E919CC900F022F8 /* Assignment2-ProxyServer */,
			);
		};
/* End PBXProject section */

/* Begin PBXSourcesBuildPhase section */
		0541A10B1E919CC900F022F8 /* Sources */ = {
			isa = PBXSourcesBuildPhase;
			buildActionMask = 2147483647;
			files = (
				055EB7421E932FF50041A77C /* ps.c in Sources */,
			);
			runOnlyForDeploymentPostprocessing = 0;
		};
/* End PBXSourcesBuildPhase section */

/* Begin XCBuildConfiguration section */
		0541A1141E919CCA00F022F8 /* Debug */ = {
			isa = XCBuildConfiguration;
			buildSettings = {
				ALWAYS_SEARCH_USER_PATHS = NO;
				CLANG_ANALYZER_NONNULL = YES;
				CLANG_CXX_LANGUAGE_STANDARD = "gnu++0x";
				CLANG_CXX_LIBRARY = "libc++";
				CLANG_ENABLE_MODULES = YES;
				CLANG_ENABLE_OBJC_ARC = YES;
				CLANG_WARN_BOOL_CONVERSION = YES;
				CLANG_WARN_CONSTANT_CONVERSION = YES;
				CLANG_WARN_DIRECT_OBJC_ISA_USAGE = YES_ERROR;
				CLANG_WARN_DOCUMENTATION_COMMENTS = YES;
				CLANG_WARN_EMPTY_BODY = YES;
				CLANG_WARN_ENUM_CONVERSION = YES;
				CLANG_WARN_INFINITE_RECURSION = YES;
				CLANG_WARN_INT_CONVERSION = YES;
				CLANG_WARN_OBJC_ROOT_CLASS = YES_ERROR;
				CLANG_WARN_SUSPICIOUS_MOVE = YES;
				CLANG_WARN_UNREACHABLE_CODE = YES;
				CLANG_WARN__DUPLICATE_METHOD_MATCH = YES;
				CODE_SIGN_IDENTITY = "-";
				COPY_PHASE_STRIP = NO;
				DEBUG_INFORMATION_FORMAT = dwarf;
				ENABLE_STRICT_OBJC_MSGSEND = YES;
				ENABLE_TESTABILITY = YES;
				GCC_C_LANGUAGE_STANDARD = gnu99;
				GCC_DYNAMIC_NO_PIC = NO;
				GCC_NO_COMMON_BLOCKS = YES;
				GCC_OPTIMIZATION_LEVEL = 0;
				GCC_PREPROCESSOR_DEFINITIONS = (
					"DEBUG=1",
					"$(inherited)",
				);
				GCC_WARN_64_TO_32_BIT_CONVERSION = YES;
				GCC_WARN_ABOUT_RETURN_TYPE = YES_ERROR;
				GCC_WARN_UNDECLARED_SELECTOR = YES;
				GCC_WARN_UNINITIALIZED_AUTOS = YES_AGGRESSIVE;
				GCC_WARN_UNUSED_FUNCTION = YES;
				GCC_WARN_UNUSED_VARIABLE = YES;
				MACOSX_DEPLOYMENT_TARGET = 10.11;
				MTL_ENABLE_DEBUG_INFO = YES;
				ONLY_ACTIVE_ARCH = YES;
				SDKROOT = macosx;
			};
			name = Debug;
		};
		0541A1151E919CCA00F022F8 /* Release */ = {
			isa = XCBuildConfiguration;
			buildSettings = {
				ALWAYS_SEARCH_USER_PATHS = NO;
				CLANG_ANALYZER_NONNULL = YES;
				CLANG_CXX_LANGUAGE_STANDARD = "gnu++0x";
				CLANG_CXX_LIBRARY = "libc++";
				CLANG_ENABLE_MODULES = YES;
				CLANG_ENABLE_OBJC_ARC = YES;
				CLANG_WARN_BOOL_CONVERSION = YES;
				CLANG_WARN_CONSTANT_CONVERSION = YES;
				CLANG_WARN_DIRECT_OBJC_ISA_USAGE = YES_ERROR;
				CLANG_WARN_DOCUMENTATION_COMMENTS = YES;
				CLANG_WARN_EMPTY_BODY = YES;
				CLANG_WARN_ENUM_CONVERSION = YES;
				CLANG_WARN_INFINITE_RECURSION = YES;
				CLANG_WARN_INT_CONVERSION = YES;
				CLANG_WARN_OBJC_ROOT_CLASS = YES_ERROR;
				CLANG_WARN_SUSPICIOUS_MOVE = YES;
				CLANG_WARN_UNREACHABLE_CODE = YES;
				CLANG_WARN__DUPLICATE_METHOD_MATCH = YES;
				CODE_SIGN_IDENTITY = "-";
				COPY_PHASE_STRIP = NO;
				DEBUG_INFORMATION_FORMAT = "dwarf-with-dsym";
				ENABLE_NS_ASSERTIONS = NO;
				ENABLE_STRICT_OBJC_MSGSEND = YES;
				GCC_C_LANGUAGE_STANDARD = gnu99;
				GCC_NO_COMMON_BLOCKS = YES;
				GCC_WARN_64_TO_32_BIT_CONVERSION = YES;
				GCC_WARN_ABOUT_RETURN_TYPE = YES_ERROR;
				GCC_WARN_UNDECLARED_SELECTOR = YES;
				GCC_WARN_UNINITIALIZED_AUTOS = YES_AGGRESSIVE;
				GCC_WARN_UNUSED_FUNCTION = YES;
				GCC_WARN_UNUSED_VARIABLE = YES;
				MACOSX_DEPLOYMENT_TARGET = 10.11;
				MTL_ENABLE_DEBUG_INFO = NO;
				SDKROOT = macosx;
			};
			name = Release;
		};
		0541A1171E919CCA00F022F8 /* Debug */ = {
			isa = XCBuildConfiguration;
			buildSettings = {
				DEVELOPMENT_TEAM = A9Q57L84LX;
				PRODUCT_NAME = "$(TARGET_NAME)";
			};
			name = Debug;
		};
		0541A1181E919CCA00F022F8 /* Release */ = {
			isa = XCBuildConfiguration;
			buildSettings = {
				DEVELOPMENT_TEAM = A9Q57L84LX;
				PRODUCT_NAME = "$(TARGET_NAME)";
			};
			name = Release;
		};
/* End XCBuildConfiguration section */

/* Begin XCConfigurationList section */
		0541A10A1E919CC900F022F8 /* Build configuration list for PBXProject "Assignment2-ProxyServer" */ = {
			isa = XCConfigurationList;
			buildConfigurations = (
				0541A1141E919CCA00F022F8 /* Debug */,
				0541A1151E919CCA00F022F8 /* Release */,
			);
			defaultConfigurationIsVisible = 0;
			defaultConfigurationName = Release;
		};
		0541A1161E919CCA00F022F8 /* Build configuration list for PBXNativeTarget "Assignment2-ProxyServer" */ = {
			isa = XCConfigurationList;
			buildConfigurations = (
				0541A1171E919CCA00F022F8 /* Debug */,
				0541A1181E919CCA00F022F8 /* Release */,
			);
			defaultConfigurationIsVisible = 0;
			defaultConfigurationName = Release;
		};
/* End XCConfigurationList section */
	};
	rootObject = 0541A1071E919CC900F022F8 /* Project object */;
}
