// !$*UTF8*$!
{
	archiveVersion = 1;
	classes = {
	};
	objectVersion = 46;
	objects = {

/* Begin PBXBuildFile section */
		053F55B01E95281C00EBB05D /* main.c in Sources */ = {isa = PBXBuildFile; fileRef = 053F55AF1E95281C00EBB05D /* main.c */; };
		053F55B71E9530C300EBB05D /* s.c in Sources */ = {isa = PBXBuildFile; fileRef = 053F55B61E9530C300EBB05D /* s.c */; };
/* End PBXBuildFile section */

/* Begin PBXCopyFilesBuildPhase section */
		053F55AA1E95281C00EBB05D /* CopyFiles */ = {
			isa = PBXCopyFilesBuildPhase;
			buildActionMask = 2147483647;
			dstPath = /usr/share/man/man1/;
			dstSubfolderSpec = 0;
			files = (
			);
			runOnlyForDeploymentPostprocessing = 1;
		};
/* End PBXCopyFilesBuildPhase section */

/* Begin PBXFileReference section */
		053F55AC1E95281C00EBB05D /* Assignment2-Server */ = {isa = PBXFileReference; explicitFileType = "compiled.mach-o.executable"; includeInIndex = 0; path = "Assignment2-Server"; sourceTree = BUILT_PRODUCTS_DIR; };
		053F55AF1E95281C00EBB05D /* main.c */ = {isa = PBXFileReference; lastKnownFileType = sourcecode.c.c; path = main.c; sourceTree = "<group>"; };
		053F55B61E9530C300EBB05D /* s.c */ = {isa = PBXFileReference; fileEncoding = 4; lastKnownFileType = sourcecode.c.c; path = s.c; sourceTree = "<group>"; };
		058F69291E9889B200E5209D /* dataStructures.h */ = {isa = PBXFileReference; lastKnownFileType = sourcecode.c.h; path = dataStructures.h; sourceTree = "<group>"; };
		058F692A1E9889B200E5209D /* response.h */ = {isa = PBXFileReference; lastKnownFileType = sourcecode.c.h; path = response.h; sourceTree = "<group>"; };
/* End PBXFileReference section */

/* Begin PBXFrameworksBuildPhase section */
		053F55A91E95281C00EBB05D /* Frameworks */ = {
			isa = PBXFrameworksBuildPhase;
			buildActionMask = 2147483647;
			files = (
			);
			runOnlyForDeploymentPostprocessing = 0;
		};
/* End PBXFrameworksBuildPhase section */

/* Begin PBXGroup section */
		053F55A31E95281C00EBB05D = {
			isa = PBXGroup;
			children = (
				053F55AE1E95281C00EBB05D /* Assignment2-Server */,
				053F55AD1E95281C00EBB05D /* Products */,
			);
			sourceTree = "<group>";
		};
		053F55AD1E95281C00EBB05D /* Products */ = {
			isa = PBXGroup;
			children = (
				053F55AC1E95281C00EBB05D /* Assignment2-Server */,
			);
			name = Products;
			sourceTree = "<group>";
		};
		053F55AE1E95281C00EBB05D /* Assignment2-Server */ = {
			isa = PBXGroup;
			children = (
				058F69281E9889B200E5209D /* Common */,
				053F55B61E9530C300EBB05D /* s.c */,
				053F55AF1E95281C00EBB05D /* main.c */,
			);
			path = "Assignment2-Server";
			sourceTree = "<group>";
		};
		058F69281E9889B200E5209D /* Common */ = {
			isa = PBXGroup;
			children = (
				058F692A1E9889B200E5209D /* response.h */,
				058F69291E9889B200E5209D /* dataStructures.h */,
			);
			name = Common;
			path = ../../Common;
			sourceTree = "<group>";
		};
/* End PBXGroup section */

/* Begin PBXNativeTarget section */
		053F55AB1E95281C00EBB05D /* Assignment2-Server */ = {
			isa = PBXNativeTarget;
			buildConfigurationList = 053F55B31E95281C00EBB05D /* Build configuration list for PBXNativeTarget "Assignment2-Server" */;
			buildPhases = (
				053F55A81E95281C00EBB05D /* Sources */,
				053F55A91E95281C00EBB05D /* Frameworks */,
				053F55AA1E95281C00EBB05D /* CopyFiles */,
			);
			buildRules = (
			);
			dependencies = (
			);
			name = "Assignment2-Server";
			productName = "Assignment2-Server";
			productReference = 053F55AC1E95281C00EBB05D /* Assignment2-Server */;
			productType = "com.apple.product-type.tool";
		};
/* End PBXNativeTarget section */

/* Begin PBXProject section */
		053F55A41E95281C00EBB05D /* Project object */ = {
			isa = PBXProject;
			attributes = {
				LastUpgradeCheck = 0820;
				ORGANIZATIONNAME = HaigaTech;
				TargetAttributes = {
					053F55AB1E95281C00EBB05D = {
						CreatedOnToolsVersion = 8.2.1;
						DevelopmentTeam = A9Q57L84LX;
						ProvisioningStyle = Automatic;
					};
				};
			};
			buildConfigurationList = 053F55A71E95281C00EBB05D /* Build configuration list for PBXProject "Assignment2-Server" */;
			compatibilityVersion = "Xcode 3.2";
			developmentRegion = English;
			hasScannedForEncodings = 0;
			knownRegions = (
				en,
			);
			mainGroup = 053F55A31E95281C00EBB05D;
			productRefGroup = 053F55AD1E95281C00EBB05D /* Products */;
			projectDirPath = "";
			projectRoot = "";
			targets = (
				053F55AB1E95281C00EBB05D /* Assignment2-Server */,
			);
		};
/* End PBXProject section */

/* Begin PBXSourcesBuildPhase section */
		053F55A81E95281C00EBB05D /* Sources */ = {
			isa = PBXSourcesBuildPhase;
			buildActionMask = 2147483647;
			files = (
				053F55B71E9530C300EBB05D /* s.c in Sources */,
				053F55B01E95281C00EBB05D /* main.c in Sources */,
			);
			runOnlyForDeploymentPostprocessing = 0;
		};
/* End PBXSourcesBuildPhase section */

/* Begin XCBuildConfiguration section */
		053F55B11E95281C00EBB05D /* Debug */ = {
			isa = XCBuildConfiguration;
			buildSettings = {
				ALWAYS_SEARCH_USER_PATHS = NO;
				CLANG_ANALYZER_NONNULL = YES;
				CLANG_CXX_LANGUAGE_STANDARD = "gnu++0x";
				CLANG_CXX_LIBRARY = "libc++";
				CLANG_ENABLE_MODULES = YES;
				CLANG_ENABLE_OBJC_ARC = YES;
				CLANG_WARN_BOOL_CONVERSION = YES;
				CLANG_WARN_CONSTANT_CONVERSION = YES;
				CLANG_WARN_DIRECT_OBJC_ISA_USAGE = YES_ERROR;
				CLANG_WARN_DOCUMENTATION_COMMENTS = YES;
				CLANG_WARN_EMPTY_BODY = YES;
				CLANG_WARN_ENUM_CONVERSION = YES;
				CLANG_WARN_INFINITE_RECURSION = YES;
				CLANG_WARN_INT_CONVERSION = YES;
				CLANG_WARN_OBJC_ROOT_CLASS = YES_ERROR;
				CLANG_WARN_SUSPICIOUS_MOVE = YES;
				CLANG_WARN_UNREACHABLE_CODE = YES;
				CLANG_WARN__DUPLICATE_METHOD_MATCH = YES;
				CODE_SIGN_IDENTITY = "-";
				COPY_PHASE_STRIP = NO;
				DEBUG_INFORMATION_FORMAT = dwarf;
				ENABLE_STRICT_OBJC_MSGSEND = YES;
				ENABLE_TESTABILITY = YES;
				GCC_C_LANGUAGE_STANDARD = gnu99;
				GCC_DYNAMIC_NO_PIC = NO;
				GCC_NO_COMMON_BLOCKS = YES;
				GCC_OPTIMIZATION_LEVEL = 0;
				GCC_PREPROCESSOR_DEFINITIONS = (
					"DEBUG=1",
					"$(inherited)",
				);
				GCC_WARN_64_TO_32_BIT_CONVERSION = YES;
				GCC_WARN_ABOUT_RETURN_TYPE = YES_ERROR;
				GCC_WARN_UNDECLARED_SELECTOR = YES;
				GCC_WARN_UNINITIALIZED_AUTOS = YES_AGGRESSIVE;
				GCC_WARN_UNUSED_FUNCTION = YES;
				GCC_WARN_UNUSED_VARIABLE = YES;
				MACOSX_DEPLOYMENT_TARGET = 10.11;
				MTL_ENABLE_DEBUG_INFO = YES;
				ONLY_ACTIVE_ARCH = YES;
				SDKROOT = macosx;
			};
			name = Debug;
		};
		053F55B21E95281C00EBB05D /* Release */ = {
			isa = XCBuildConfiguration;
			buildSettings = {
				ALWAYS_SEARCH_USER_PATHS = NO;
				CLANG_ANALYZER_NONNULL = YES;
				CLANG_CXX_LANGUAGE_STANDARD = "gnu++0x";
				CLANG_CXX_LIBRARY = "libc++";
				CLANG_ENABLE_MODULES = YES;
				CLANG_ENABLE_OBJC_ARC = YES;
				CLANG_WARN_BOOL_CONVERSION = YES;
				CLANG_WARN_CONSTANT_CONVERSION = YES;
				CLANG_WARN_DIRECT_OBJC_ISA_USAGE = YES_ERROR;
				CLANG_WARN_DOCUMENTATION_COMMENTS = YES;
				CLANG_WARN_EMPTY_BODY = YES;
				CLANG_WARN_ENUM_CONVERSION = YES;
				CLANG_WARN_INFINITE_RECURSION = YES;
				CLANG_WARN_INT_CONVERSION = YES;
				CLANG_WARN_OBJC_ROOT_CLASS = YES_ERROR;
				CLANG_WARN_SUSPICIOUS_MOVE = YES;
				CLANG_WARN_UNREACHABLE_CODE = YES;
				CLANG_WARN__DUPLICATE_METHOD_MATCH = YES;
				CODE_SIGN_IDENTITY = "-";
				COPY_PHASE_STRIP = NO;
				DEBUG_INFORMATION_FORMAT = "dwarf-with-dsym";
				ENABLE_NS_ASSERTIONS = NO;
				ENABLE_STRICT_OBJC_MSGSEND = YES;
				GCC_C_LANGUAGE_STANDARD = gnu99;
				GCC_NO_COMMON_BLOCKS = YES;
				GCC_WARN_64_TO_32_BIT_CONVERSION = YES;
				GCC_WARN_ABOUT_RETURN_TYPE = YES_ERROR;
				GCC_WARN_UNDECLARED_SELECTOR = YES;
				GCC_WARN_UNINITIALIZED_AUTOS = YES_AGGRESSIVE;
				GCC_WARN_UNUSED_FUNCTION = YES;
				GCC_WARN_UNUSED_VARIABLE = YES;
				MACOSX_DEPLOYMENT_TARGET = 10.11;
				MTL_ENABLE_DEBUG_INFO = NO;
				SDKROOT = macosx;
			};
			name = Release;
		};
		053F55B41E95281C00EBB05D /* Debug */ = {
			isa = XCBuildConfiguration;
			buildSettings = {
				DEVELOPMENT_TEAM = A9Q57L84LX;
				PRODUCT_NAME = "$(TARGET_NAME)";
			};
			name = Debug;
		};
		053F55B51E95281C00EBB05D /* Release */ = {
			isa = XCBuildConfiguration;
			buildSettings = {
				DEVELOPMENT_TEAM = A9Q57L84LX;
				PRODUCT_NAME = "$(TARGET_NAME)";
			};
			name = Release;
		};
/* End XCBuildConfiguration section */

/* Begin XCConfigurationList section */
		053F55A71E95281C00EBB05D /* Build configuration list for PBXProject "Assignment2-Server" */ = {
			isa = XCConfigurationList;
			buildConfigurations = (
				053F55B11E95281C00EBB05D /* Debug */,
				053F55B21E95281C00EBB05D /* Release */,
			);
			defaultConfigurationIsVisible = 0;
			defaultConfigurationName = Release;
		};
		053F55B31E95281C00EBB05D /* Build configuration list for PBXNativeTarget "Assignment2-Server" */ = {
			isa = XCConfigurationList;
			buildConfigurations = (
				053F55B41E95281C00EBB05D /* Debug */,
				053F55B51E95281C00EBB05D /* Release */,
			);
			defaultConfigurationIsVisible = 0;
			defaultConfigurationName = Release;
		};
/* End XCConfigurationList section */
	};
	rootObject = 053F55A41E95281C00EBB05D /* Project object */;
}
